
Microsoft Visual Studio Solution File, Format Version 11.00
# Visual Studio 2010
Project("{8BC9CEB8-8B4A-11D0-8D11-00A0C91BC942}") = "SampleIME", "SampleIME\SampleIME.vcxproj", "{0C8FE010-5146-44D8-AF99-82702C15FEA5}"
EndProject
Project("{8BC9CEB8-8B4A-11D0-8D11-00A0C91BC942}") = "testime", "testime\testime.vcxproj", "{BF5B73DC-BB8F-44B9-8A1E-2D944A3A74C1}"
	ProjectSection(ProjectDependencies) = postProject
		{A6838396-D2D6-4C3A-839C-74E499714D14} = {A6838396-D2D6-4C3A-839C-74E499714D14}
	EndProjectSection
EndProject
Project("{8BC9CEB8-8B4A-11D0-8D11-00A0C91BC942}") = "UnicodeDB", "UnicodeDB\UnicodeDB.vcxproj", "{A6838396-D2D6-4C3A-839C-74E499714D14}"
EndProject
Global
	GlobalSection(SolutionConfigurationPlatforms) = preSolution
		CD_ROM|Mixed Platforms = CD_ROM|Mixed Platforms
		CD_ROM|Win32 = CD_ROM|Win32
		CD_ROM|x64 = CD_ROM|x64
		CD_ROM|x86 = CD_ROM|x86
		Debug|Mixed Platforms = Debug|Mixed Platforms
		Debug|Win32 = Debug|Win32
		Debug|x64 = Debug|x64
		Debug|x86 = Debug|x86
		DVD-5|Mixed Platforms = DVD-5|Mixed Platforms
		DVD-5|Win32 = DVD-5|Win32
		DVD-5|x64 = DVD-5|x64
		DVD-5|x86 = DVD-5|x86
		Release|Mixed Platforms = Release|Mixed Platforms
		Release|Win32 = Release|Win32
		Release|x64 = Release|x64
		Release|x86 = Release|x86
		SingleImage|Mixed Platforms = SingleImage|Mixed Platforms
		SingleImage|Win32 = SingleImage|Win32
		SingleImage|x64 = SingleImage|x64
		SingleImage|x86 = SingleImage|x86
		test|Mixed Platforms = test|Mixed Platforms
		test|Win32 = test|Win32
		test|x64 = test|x64
		test|x86 = test|x86
	EndGlobalSection
	GlobalSection(ProjectConfigurationPlatforms) = postSolution
		{0C8FE010-5146-44D8-AF99-82702C15FEA5}.CD_ROM|Mixed Platforms.ActiveCfg = test|x64
		{0C8FE010-5146-44D8-AF99-82702C15FEA5}.CD_ROM|Mixed Platforms.Build.0 = test|x64
		{0C8FE010-5146-44D8-AF99-82702C15FEA5}.CD_ROM|Win32.ActiveCfg = Release|x64
		{0C8FE010-5146-44D8-AF99-82702C15FEA5}.CD_ROM|x64.ActiveCfg = Release|x64
		{0C8FE010-5146-44D8-AF99-82702C15FEA5}.CD_ROM|x64.Build.0 = Release|x64
		{0C8FE010-5146-44D8-AF99-82702C15FEA5}.CD_ROM|x86.ActiveCfg = test|x64
		{0C8FE010-5146-44D8-AF99-82702C15FEA5}.Debug|Mixed Platforms.ActiveCfg = Debug|x64
		{0C8FE010-5146-44D8-AF99-82702C15FEA5}.Debug|Mixed Platforms.Build.0 = Debug|x64
		{0C8FE010-5146-44D8-AF99-82702C15FEA5}.Debug|Win32.ActiveCfg = Debug|Win32
		{0C8FE010-5146-44D8-AF99-82702C15FEA5}.Debug|Win32.Build.0 = Debug|Win32
		{0C8FE010-5146-44D8-AF99-82702C15FEA5}.Debug|x64.ActiveCfg = Debug|x64
		{0C8FE010-5146-44D8-AF99-82702C15FEA5}.Debug|x64.Build.0 = Debug|x64
		{0C8FE010-5146-44D8-AF99-82702C15FEA5}.Debug|x86.ActiveCfg = Debug|x64
		{0C8FE010-5146-44D8-AF99-82702C15FEA5}.DVD-5|Mixed Platforms.ActiveCfg = Debug|x64
		{0C8FE010-5146-44D8-AF99-82702C15FEA5}.DVD-5|Mixed Platforms.Build.0 = Debug|x64
		{0C8FE010-5146-44D8-AF99-82702C15FEA5}.DVD-5|Win32.ActiveCfg = Debug|x64
		{0C8FE010-5146-44D8-AF99-82702C15FEA5}.DVD-5|x64.ActiveCfg = Debug|x64
		{0C8FE010-5146-44D8-AF99-82702C15FEA5}.DVD-5|x64.Build.0 = Debug|x64
		{0C8FE010-5146-44D8-AF99-82702C15FEA5}.DVD-5|x86.ActiveCfg = Debug|x64
		{0C8FE010-5146-44D8-AF99-82702C15FEA5}.Release|Mixed Platforms.ActiveCfg = Release|x64
		{0C8FE010-5146-44D8-AF99-82702C15FEA5}.Release|Mixed Platforms.Build.0 = Release|x64
		{0C8FE010-5146-44D8-AF99-82702C15FEA5}.Release|Win32.ActiveCfg = Release|Win32
		{0C8FE010-5146-44D8-AF99-82702C15FEA5}.Release|Win32.Build.0 = Release|Win32
		{0C8FE010-5146-44D8-AF99-82702C15FEA5}.Release|x64.ActiveCfg = Release|x64
		{0C8FE010-5146-44D8-AF99-82702C15FEA5}.Release|x64.Build.0 = Release|x64
		{0C8FE010-5146-44D8-AF99-82702C15FEA5}.Release|x86.ActiveCfg = Release|x64
		{0C8FE010-5146-44D8-AF99-82702C15FEA5}.SingleImage|Mixed Platforms.ActiveCfg = test|x64
		{0C8FE010-5146-44D8-AF99-82702C15FEA5}.SingleImage|Mixed Platforms.Build.0 = test|x64
		{0C8FE010-5146-44D8-AF99-82702C15FEA5}.SingleImage|Win32.ActiveCfg = Release|x64
		{0C8FE010-5146-44D8-AF99-82702C15FEA5}.SingleImage|x64.ActiveCfg = Release|x64
		{0C8FE010-5146-44D8-AF99-82702C15FEA5}.SingleImage|x64.Build.0 = Release|x64
		{0C8FE010-5146-44D8-AF99-82702C15FEA5}.SingleImage|x86.ActiveCfg = test|x64
		{0C8FE010-5146-44D8-AF99-82702C15FEA5}.test|Mixed Platforms.ActiveCfg = test|x64
		{0C8FE010-5146-44D8-AF99-82702C15FEA5}.test|Mixed Platforms.Build.0 = test|x64
		{0C8FE010-5146-44D8-AF99-82702C15FEA5}.test|Win32.ActiveCfg = test|Win32
		{0C8FE010-5146-44D8-AF99-82702C15FEA5}.test|Win32.Build.0 = test|Win32
		{0C8FE010-5146-44D8-AF99-82702C15FEA5}.test|x64.ActiveCfg = Debug|x64
		{0C8FE010-5146-44D8-AF99-82702C15FEA5}.test|x64.Build.0 = Debug|x64
		{0C8FE010-5146-44D8-AF99-82702C15FEA5}.test|x86.ActiveCfg = test|x64
		{BF5B73DC-BB8F-44B9-8A1E-2D944A3A74C1}.CD_ROM|Mixed Platforms.ActiveCfg = Release|Win32
		{BF5B73DC-BB8F-44B9-8A1E-2D944A3A74C1}.CD_ROM|Mixed Platforms.Build.0 = Release|Win32
		{BF5B73DC-BB8F-44B9-8A1E-2D944A3A74C1}.CD_ROM|Win32.ActiveCfg = Release|Win32
		{BF5B73DC-BB8F-44B9-8A1E-2D944A3A74C1}.CD_ROM|Win32.Build.0 = Release|Win32
		{BF5B73DC-BB8F-44B9-8A1E-2D944A3A74C1}.CD_ROM|x64.ActiveCfg = Release|Win32
		{BF5B73DC-BB8F-44B9-8A1E-2D944A3A74C1}.CD_ROM|x86.ActiveCfg = Release|Win32
		{BF5B73DC-BB8F-44B9-8A1E-2D944A3A74C1}.Debug|Mixed Platforms.ActiveCfg = Debug|Win32
		{BF5B73DC-BB8F-44B9-8A1E-2D944A3A74C1}.Debug|Mixed Platforms.Build.0 = Debug|Win32
		{BF5B73DC-BB8F-44B9-8A1E-2D944A3A74C1}.Debug|Win32.ActiveCfg = Debug|Win32
		{BF5B73DC-BB8F-44B9-8A1E-2D944A3A74C1}.Debug|Win32.Build.0 = Debug|Win32
		{BF5B73DC-BB8F-44B9-8A1E-2D944A3A74C1}.Debug|x64.ActiveCfg = Debug|x64
		{BF5B73DC-BB8F-44B9-8A1E-2D944A3A74C1}.Debug|x64.Build.0 = Debug|x64
		{BF5B73DC-BB8F-44B9-8A1E-2D944A3A74C1}.Debug|x86.ActiveCfg = Debug|Win32
		{BF5B73DC-BB8F-44B9-8A1E-2D944A3A74C1}.DVD-5|Mixed Platforms.ActiveCfg = Debug|Win32
		{BF5B73DC-BB8F-44B9-8A1E-2D944A3A74C1}.DVD-5|Mixed Platforms.Build.0 = Debug|Win32
		{BF5B73DC-BB8F-44B9-8A1E-2D944A3A74C1}.DVD-5|Win32.ActiveCfg = Debug|Win32
		{BF5B73DC-BB8F-44B9-8A1E-2D944A3A74C1}.DVD-5|Win32.Build.0 = Debug|Win32
		{BF5B73DC-BB8F-44B9-8A1E-2D944A3A74C1}.DVD-5|x64.ActiveCfg = Debug|Win32
		{BF5B73DC-BB8F-44B9-8A1E-2D944A3A74C1}.DVD-5|x86.ActiveCfg = Debug|Win32
		{BF5B73DC-BB8F-44B9-8A1E-2D944A3A74C1}.Release|Mixed Platforms.ActiveCfg = Release|Win32
		{BF5B73DC-BB8F-44B9-8A1E-2D944A3A74C1}.Release|Mixed Platforms.Build.0 = Release|Win32
		{BF5B73DC-BB8F-44B9-8A1E-2D944A3A74C1}.Release|Win32.ActiveCfg = Release|Win32
		{BF5B73DC-BB8F-44B9-8A1E-2D944A3A74C1}.Release|Win32.Build.0 = Release|Win32
		{BF5B73DC-BB8F-44B9-8A1E-2D944A3A74C1}.Release|x64.ActiveCfg = Release|Win32
		{BF5B73DC-BB8F-44B9-8A1E-2D944A3A74C1}.Release|x86.ActiveCfg = Release|Win32
		{BF5B73DC-BB8F-44B9-8A1E-2D944A3A74C1}.SingleImage|Mixed Platforms.ActiveCfg = Release|Win32
		{BF5B73DC-BB8F-44B9-8A1E-2D944A3A74C1}.SingleImage|Mixed Platforms.Build.0 = Release|Win32
		{BF5B73DC-BB8F-44B9-8A1E-2D944A3A74C1}.SingleImage|Win32.ActiveCfg = Release|Win32
		{BF5B73DC-BB8F-44B9-8A1E-2D944A3A74C1}.SingleImage|Win32.Build.0 = Release|Win32
		{BF5B73DC-BB8F-44B9-8A1E-2D944A3A74C1}.SingleImage|x64.ActiveCfg = Release|Win32
		{BF5B73DC-BB8F-44B9-8A1E-2D944A3A74C1}.SingleImage|x86.ActiveCfg = Release|Win32
		{BF5B73DC-BB8F-44B9-8A1E-2D944A3A74C1}.test|Mixed Platforms.ActiveCfg = Release|Win32
		{BF5B73DC-BB8F-44B9-8A1E-2D944A3A74C1}.test|Mixed Platforms.Build.0 = Release|Win32
		{BF5B73DC-BB8F-44B9-8A1E-2D944A3A74C1}.test|Win32.ActiveCfg = Release|Win32
		{BF5B73DC-BB8F-44B9-8A1E-2D944A3A74C1}.test|Win32.Build.0 = Release|Win32
		{BF5B73DC-BB8F-44B9-8A1E-2D944A3A74C1}.test|x64.ActiveCfg = Release|Win32
		{BF5B73DC-BB8F-44B9-8A1E-2D944A3A74C1}.test|x86.ActiveCfg = Release|Win32
		{A6838396-D2D6-4C3A-839C-74E499714D14}.CD_ROM|Mixed Platforms.ActiveCfg = Release|Win32
		{A6838396-D2D6-4C3A-839C-74E499714D14}.CD_ROM|Mixed Platforms.Build.0 = Release|Win32
		{A6838396-D2D6-4C3A-839C-74E499714D14}.CD_ROM|Win32.ActiveCfg = Release|Win32
		{A6838396-D2D6-4C3A-839C-74E499714D14}.CD_ROM|Win32.Build.0 = Release|Win32
		{A6838396-D2D6-4C3A-839C-74E499714D14}.CD_ROM|x64.ActiveCfg = Release|Win32
		{A6838396-D2D6-4C3A-839C-74E499714D14}.CD_ROM|x86.ActiveCfg = Release|Win32
		{A6838396-D2D6-4C3A-839C-74E499714D14}.Debug|Mixed Platforms.ActiveCfg = Debug|Win32
		{A6838396-D2D6-4C3A-839C-74E499714D14}.Debug|Mixed Platforms.Build.0 = Debug|Win32
		{A6838396-D2D6-4C3A-839C-74E499714D14}.Debug|Win32.ActiveCfg = Debug|Win32
		{A6838396-D2D6-4C3A-839C-74E499714D14}.Debug|Win32.Build.0 = Debug|Win32
		{A6838396-D2D6-4C3A-839C-74E499714D14}.Debug|x64.ActiveCfg = Debug|x64
		{A6838396-D2D6-4C3A-839C-74E499714D14}.Debug|x64.Build.0 = Debug|x64
		{A6838396-D2D6-4C3A-839C-74E499714D14}.Debug|x86.ActiveCfg = Debug|Win32
		{A6838396-D2D6-4C3A-839C-74E499714D14}.DVD-5|Mixed Platforms.ActiveCfg = Debug|Win32
		{A6838396-D2D6-4C3A-839C-74E499714D14}.DVD-5|Mixed Platforms.Build.0 = Debug|Win32
		{A6838396-D2D6-4C3A-839C-74E499714D14}.DVD-5|Win32.ActiveCfg = Debug|Win32
		{A6838396-D2D6-4C3A-839C-74E499714D14}.DVD-5|Win32.Build.0 = Debug|Win32
		{A6838396-D2D6-4C3A-839C-74E499714D14}.DVD-5|x64.ActiveCfg = Debug|Win32
		{A6838396-D2D6-4C3A-839C-74E499714D14}.DVD-5|x86.ActiveCfg = Debug|Win32
		{A6838396-D2D6-4C3A-839C-74E499714D14}.Release|Mixed Platforms.ActiveCfg = Release|Win32
		{A6838396-D2D6-4C3A-839C-74E499714D14}.Release|Mixed Platforms.Build.0 = Release|Win32
		{A6838396-D2D6-4C3A-839C-74E499714D14}.Release|Win32.ActiveCfg = Release|Win32
		{A6838396-D2D6-4C3A-839C-74E499714D14}.Release|Win32.Build.0 = Release|Win32
		{A6838396-D2D6-4C3A-839C-74E499714D14}.Release|x64.ActiveCfg = Release|Win32
		{A6838396-D2D6-4C3A-839C-74E499714D14}.Release|x86.ActiveCfg = Release|Win32
		{A6838396-D2D6-4C3A-839C-74E499714D14}.SingleImage|Mixed Platforms.ActiveCfg = Release|Win32
		{A6838396-D2D6-4C3A-839C-74E499714D14}.SingleImage|Mixed Platforms.Build.0 = Release|Win32
		{A6838396-D2D6-4C3A-839C-74E499714D14}.SingleImage|Win32.ActiveCfg = Release|Win32
		{A6838396-D2D6-4C3A-839C-74E499714D14}.SingleImage|Win32.Build.0 = Release|Win32
		{A6838396-D2D6-4C3A-839C-74E499714D14}.SingleImage|x64.ActiveCfg = Release|Win32
		{A6838396-D2D6-4C3A-839C-74E499714D14}.SingleImage|x86.ActiveCfg = Release|Win32
		{A6838396-D2D6-4C3A-839C-74E499714D14}.test|Mixed Platforms.ActiveCfg = Release|Win32
		{A6838396-D2D6-4C3A-839C-74E499714D14}.test|Mixed Platforms.Build.0 = Release|Win32
		{A6838396-D2D6-4C3A-839C-74E499714D14}.test|Win32.ActiveCfg = Release|Win32
		{A6838396-D2D6-4C3A-839C-74E499714D14}.test|Win32.Build.0 = Release|Win32
		{A6838396-D2D6-4C3A-839C-74E499714D14}.test|x64.ActiveCfg = Release|Win32
		{A6838396-D2D6-4C3A-839C-74E499714D14}.test|x86.ActiveCfg = Release|Win32
	EndGlobalSection
	GlobalSection(SolutionProperties) = preSolution
		HideSolutionNode = FALSE
	EndGlobalSection
EndGlobal
